
Microsoft Visual Studio Solution File, Format Version 12.00
# Visual Studio Version 17
VisualStudioVersion = 17.0.32126.317
MinimumVisualStudioVersion = 10.0.40219.1
Project("{FAE04EC0-301F-11D3-BF4B-00C04F79EFBC}") = "counter-virus", "counter-virus.csproj", "{464B26C8-4F5A-4D41-9A08-452DB1FD0187}"
EndProject
Global
	GlobalSection(SolutionConfigurationPlatforms) = preSolution
		Debug|Any CPU = Debug|Any CPU
		Release|Any CPU = Release|Any CPU
	EndGlobalSection
	GlobalSection(ProjectConfigurationPlatforms) = postSolution
		{464B26C8-4F5A-4D41-9A08-452DB1FD0187}.Debug|Any CPU.ActiveCfg = Debug|Any CPU
		{464B26C8-4F5A-4D41-9A08-452DB1FD0187}.Debug|Any CPU.Build.0 = Debug|Any CPU
		{464B26C8-4F5A-4D41-9A08-452DB1FD0187}.Release|Any CPU.ActiveCfg = Release|Any CPU
		{464B26C8-4F5A-4D41-9A08-452DB1FD0187}.Release|Any CPU.Build.0 = Release|Any CPU
	EndGlobalSection
	GlobalSection(SolutionProperties) = preSolution
		HideSolutionNode = FALSE
	EndGlobalSection
	GlobalSection(ExtensibilityGlobals) = postSolution
		SolutionGuid = {BEA633FD-10F1-4506-82E6-C2BA6C4FB72D}
	EndGlobalSection
EndGlobal
